
Microsoft Visual Studio Solution File, Format Version 12.00
# Visual Studio Version 16
VisualStudioVersion = 16.0.810.7
MinimumVisualStudioVersion = 10.0.40219.1
Project("{FAE04EC0-301F-11D3-BF4B-00C04F79EFBC}") = "49_1", "49_1.csproj", "{B3E75EF6-270B-4142-9E9B-6658965E8533}"
EndProject
Global
	GlobalSection(SolutionConfigurationPlatforms) = preSolution
		Debug|Any CPU = Debug|Any CPU
		Release|Any CPU = Release|Any CPU
	EndGlobalSection
	GlobalSection(ProjectConfigurationPlatforms) = postSolution
		{B3E75EF6-270B-4142-9E9B-6658965E8533}.Debug|Any CPU.ActiveCfg = Debug|Any CPU
		{B3E75EF6-270B-4142-9E9B-6658965E8533}.Debug|Any CPU.Build.0 = Debug|Any CPU
		{B3E75EF6-270B-4142-9E9B-6658965E8533}.Release|Any CPU.ActiveCfg = Release|Any CPU
		{B3E75EF6-270B-4142-9E9B-6658965E8533}.Release|Any CPU.Build.0 = Release|Any CPU
	EndGlobalSection
	GlobalSection(SolutionProperties) = preSolution
		HideSolutionNode = FALSE
	EndGlobalSection
	GlobalSection(ExtensibilityGlobals) = postSolution
		SolutionGuid = {C80056A6-53FD-4C4C-B0F7-84AFA817A3AA}
	EndGlobalSection
EndGlobal
